// !$*UTF8*$!
{
	archiveVersion = 1;
	classes = {
	};
	objectVersion = 46;
	objects = {

/* Begin PBXBuildFile section */
		76D81C6B1F87462300926ABF /* DKDrawKit.framework in Frameworks */ = {isa = PBXBuildFile; fileRef = 76D81C621F8745DC00926ABF /* DKDrawKit.framework */; };
		76D81C6C1F87462700926ABF /* DKDrawKit.framework in CopyFiles */ = {isa = PBXBuildFile; fileRef = 76D81C621F8745DC00926ABF /* DKDrawKit.framework */; settings = {ATTRIBUTES = (CodeSignOnCopy, RemoveHeadersOnCopy, ); }; };
		76FC0A661AFCFF7F005277C4 /* AppDelegate.m in Sources */ = {isa = PBXBuildFile; fileRef = 76FC0A651AFCFF7F005277C4 /* AppDelegate.m */; };
		76FC0A681AFCFF7F005277C4 /* main.m in Sources */ = {isa = PBXBuildFile; fileRef = 76FC0A671AFCFF7F005277C4 /* main.m */; };
		76FC0A6A1AFCFF7F005277C4 /* Images.xcassets in Resources */ = {isa = PBXBuildFile; fileRef = 76FC0A691AFCFF7F005277C4 /* Images.xcassets */; };
		76FC0A6D1AFCFF80005277C4 /* MainMenu.xib in Resources */ = {isa = PBXBuildFile; fileRef = 76FC0A6B1AFCFF80005277C4 /* MainMenu.xib */; };
		76FC0A791AFCFF80005277C4 /* drawkit_no_codeTests.m in Sources */ = {isa = PBXBuildFile; fileRef = 76FC0A781AFCFF80005277C4 /* drawkit_no_codeTests.m */; };
/* End PBXBuildFile section */

/* Begin PBXContainerItemProxy section */
		76D81C611F8745DC00926ABF /* PBXContainerItemProxy */ = {
			isa = PBXContainerItemProxy;
			containerPortal = 76FC0A821AFCFF91005277C4 /* DrawKit.xcodeproj */;
			proxyType = 2;
			remoteGlobalIDString = 9660E6100BEF442B00B6A38C;
			remoteInfo = DrawKit;
		};
		76D81C631F8745DC00926ABF /* PBXContainerItemProxy */ = {
			isa = PBXContainerItemProxy;
			containerPortal = 76FC0A821AFCFF91005277C4 /* DrawKit.xcodeproj */;
			proxyType = 2;
			remoteGlobalIDString = BF2EE49B0F66011D00B8CFFD;
			remoteInfo = DKUnitTests;
		};
		76D81C661F87461E00926ABF /* PBXContainerItemProxy */ = {
			isa = PBXContainerItemProxy;
			containerPortal = 76FC0A821AFCFF91005277C4 /* DrawKit.xcodeproj */;
			proxyType = 1;
			remoteGlobalIDString = 8DC2EF4F0486A6940098B216;
			remoteInfo = DrawKit;
		};
		76FC0A731AFCFF80005277C4 /* PBXContainerItemProxy */ = {
			isa = PBXContainerItemProxy;
			containerPortal = 76FC0A571AFCFF7F005277C4 /* Project object */;
			proxyType = 1;
			remoteGlobalIDString = 76FC0A5E1AFCFF7F005277C4;
			remoteInfo = "drawkit-no-code";
		};
		76FC7D672034992300080D65 /* PBXContainerItemProxy */ = {
			isa = PBXContainerItemProxy;
			containerPortal = 76FC0A821AFCFF91005277C4 /* DrawKit.xcodeproj */;
			proxyType = 2;
			remoteGlobalIDString = 553CF02A1FDDC2EF003E9342;
			remoteInfo = DrawKitSwift;
		};
/* End PBXContainerItemProxy section */

/* Begin PBXCopyFilesBuildPhase section */
		76FC0A8E1AFCFFA4005277C4 /* CopyFiles */ = {
			isa = PBXCopyFilesBuildPhase;
			buildActionMask = 2147483647;
			dstPath = "";
			dstSubfolderSpec = 10;
			files = (
				76D81C6C1F87462700926ABF /* DKDrawKit.framework in CopyFiles */,
			);
			runOnlyForDeploymentPostprocessing = 0;
		};
/* End PBXCopyFilesBuildPhase section */

/* Begin PBXFileReference section */
		76FC0A5F1AFCFF7F005277C4 /* drawkit-no-code.app */ = {isa = PBXFileReference; explicitFileType = wrapper.application; includeInIndex = 0; path = "drawkit-no-code.app"; sourceTree = BUILT_PRODUCTS_DIR; };
		76FC0A631AFCFF7F005277C4 /* Info.plist */ = {isa = PBXFileReference; lastKnownFileType = text.plist.xml; path = Info.plist; sourceTree = "<group>"; };
		76FC0A641AFCFF7F005277C4 /* AppDelegate.h */ = {isa = PBXFileReference; lastKnownFileType = sourcecode.c.h; path = AppDelegate.h; sourceTree = "<group>"; };
		76FC0A651AFCFF7F005277C4 /* AppDelegate.m */ = {isa = PBXFileReference; lastKnownFileType = sourcecode.c.objc; path = AppDelegate.m; sourceTree = "<group>"; };
		76FC0A671AFCFF7F005277C4 /* main.m */ = {isa = PBXFileReference; lastKnownFileType = sourcecode.c.objc; path = main.m; sourceTree = "<group>"; };
		76FC0A691AFCFF7F005277C4 /* Images.xcassets */ = {isa = PBXFileReference; lastKnownFileType = folder.assetcatalog; path = Images.xcassets; sourceTree = "<group>"; };
		76FC0A6C1AFCFF80005277C4 /* Base */ = {isa = PBXFileReference; lastKnownFileType = file.xib; name = Base; path = Base.lproj/MainMenu.xib; sourceTree = "<group>"; };
		76FC0A721AFCFF80005277C4 /* drawkit-no-codeTests.xctest */ = {isa = PBXFileReference; explicitFileType = wrapper.cfbundle; includeInIndex = 0; path = "drawkit-no-codeTests.xctest"; sourceTree = BUILT_PRODUCTS_DIR; };
		76FC0A771AFCFF80005277C4 /* Info.plist */ = {isa = PBXFileReference; lastKnownFileType = text.plist.xml; path = Info.plist; sourceTree = "<group>"; };
		76FC0A781AFCFF80005277C4 /* drawkit_no_codeTests.m */ = {isa = PBXFileReference; lastKnownFileType = sourcecode.c.objc; path = drawkit_no_codeTests.m; sourceTree = "<group>"; };
		76FC0A821AFCFF91005277C4 /* DrawKit.xcodeproj */ = {isa = PBXFileReference; lastKnownFileType = "wrapper.pb-project"; name = DrawKit.xcodeproj; path = ../../DrawKit.xcodeproj; sourceTree = "<group>"; };
/* End PBXFileReference section */

/* Begin PBXFrameworksBuildPhase section */
		76FC0A5C1AFCFF7F005277C4 /* Frameworks */ = {
			isa = PBXFrameworksBuildPhase;
			buildActionMask = 2147483647;
			files = (
				76D81C6B1F87462300926ABF /* DKDrawKit.framework in Frameworks */,
			);
			runOnlyForDeploymentPostprocessing = 0;
		};
		76FC0A6F1AFCFF80005277C4 /* Frameworks */ = {
			isa = PBXFrameworksBuildPhase;
			buildActionMask = 2147483647;
			files = (
			);
			runOnlyForDeploymentPostprocessing = 0;
		};
/* End PBXFrameworksBuildPhase section */

/* Begin PBXGroup section */
		76D81C5D1F8745DC00926ABF /* Products */ = {
			isa = PBXGroup;
			children = (
				76D81C621F8745DC00926ABF /* DKDrawKit.framework */,
				76D81C641F8745DC00926ABF /* DKUnitTests.xctest */,
				76FC7D682034992300080D65 /* DrawKitSwift.framework */,
			);
			name = Products;
			sourceTree = "<group>";
		};
		76D81C6A1F87462300926ABF /* Frameworks */ = {
			isa = PBXGroup;
			children = (
			);
			name = Frameworks;
			sourceTree = "<group>";
		};
		76FC0A561AFCFF7F005277C4 = {
			isa = PBXGroup;
			children = (
				76FC0A611AFCFF7F005277C4 /* drawkit-no-code */,
				76FC0A751AFCFF80005277C4 /* drawkit-no-codeTests */,
				76FC0A601AFCFF7F005277C4 /* Products */,
				76FC0A821AFCFF91005277C4 /* DrawKit.xcodeproj */,
				76D81C6A1F87462300926ABF /* Frameworks */,
			);
			sourceTree = "<group>";
		};
		76FC0A601AFCFF7F005277C4 /* Products */ = {
			isa = PBXGroup;
			children = (
				76FC0A5F1AFCFF7F005277C4 /* drawkit-no-code.app */,
				76FC0A721AFCFF80005277C4 /* drawkit-no-codeTests.xctest */,
			);
			name = Products;
			sourceTree = "<group>";
		};
		76FC0A611AFCFF7F005277C4 /* drawkit-no-code */ = {
			isa = PBXGroup;
			children = (
				76FC0A641AFCFF7F005277C4 /* AppDelegate.h */,
				76FC0A651AFCFF7F005277C4 /* AppDelegate.m */,
				76FC0A691AFCFF7F005277C4 /* Images.xcassets */,
				76FC0A6B1AFCFF80005277C4 /* MainMenu.xib */,
				76FC0A621AFCFF7F005277C4 /* Supporting Files */,
			);
			path = "drawkit-no-code";
			sourceTree = "<group>";
		};
		76FC0A621AFCFF7F005277C4 /* Supporting Files */ = {
			isa = PBXGroup;
			children = (
				76FC0A631AFCFF7F005277C4 /* Info.plist */,
				76FC0A671AFCFF7F005277C4 /* main.m */,
			);
			name = "Supporting Files";
			sourceTree = "<group>";
		};
		76FC0A751AFCFF80005277C4 /* drawkit-no-codeTests */ = {
			isa = PBXGroup;
			children = (
				76FC0A781AFCFF80005277C4 /* drawkit_no_codeTests.m */,
				76FC0A761AFCFF80005277C4 /* Supporting Files */,
			);
			path = "drawkit-no-codeTests";
			sourceTree = "<group>";
		};
		76FC0A761AFCFF80005277C4 /* Supporting Files */ = {
			isa = PBXGroup;
			children = (
				76FC0A771AFCFF80005277C4 /* Info.plist */,
			);
			name = "Supporting Files";
			sourceTree = "<group>";
		};
/* End PBXGroup section */

/* Begin PBXNativeTarget section */
		76FC0A5E1AFCFF7F005277C4 /* drawkit-no-code */ = {
			isa = PBXNativeTarget;
			buildConfigurationList = 76FC0A7C1AFCFF80005277C4 /* Build configuration list for PBXNativeTarget "drawkit-no-code" */;
			buildPhases = (
				76FC0A5B1AFCFF7F005277C4 /* Sources */,
				76FC0A5C1AFCFF7F005277C4 /* Frameworks */,
				76FC0A5D1AFCFF7F005277C4 /* Resources */,
				76FC0A8E1AFCFFA4005277C4 /* CopyFiles */,
			);
			buildRules = (
			);
			dependencies = (
				76D81C671F87461E00926ABF /* PBXTargetDependency */,
			);
			name = "drawkit-no-code";
			productName = "drawkit-no-code";
			productReference = 76FC0A5F1AFCFF7F005277C4 /* drawkit-no-code.app */;
			productType = "com.apple.product-type.application";
		};
		76FC0A711AFCFF80005277C4 /* drawkit-no-codeTests */ = {
			isa = PBXNativeTarget;
			buildConfigurationList = 76FC0A7F1AFCFF80005277C4 /* Build configuration list for PBXNativeTarget "drawkit-no-codeTests" */;
			buildPhases = (
				76FC0A6E1AFCFF80005277C4 /* Sources */,
				76FC0A6F1AFCFF80005277C4 /* Frameworks */,
				76FC0A701AFCFF80005277C4 /* Resources */,
			);
			buildRules = (
			);
			dependencies = (
				76FC0A741AFCFF80005277C4 /* PBXTargetDependency */,
			);
			name = "drawkit-no-codeTests";
			productName = "drawkit-no-codeTests";
			productReference = 76FC0A721AFCFF80005277C4 /* drawkit-no-codeTests.xctest */;
			productType = "com.apple.product-type.bundle.unit-test";
		};
/* End PBXNativeTarget section */

/* Begin PBXProject section */
		76FC0A571AFCFF7F005277C4 /* Project object */ = {
			isa = PBXProject;
			attributes = {
				LastUpgradeCheck = 0920;
				ORGANIZATIONNAME = Miln;
				TargetAttributes = {
					76FC0A5E1AFCFF7F005277C4 = {
						CreatedOnToolsVersion = 6.3.1;
					};
					76FC0A711AFCFF80005277C4 = {
						CreatedOnToolsVersion = 6.3.1;
						TestTargetID = 76FC0A5E1AFCFF7F005277C4;
					};
				};
			};
			buildConfigurationList = 76FC0A5A1AFCFF7F005277C4 /* Build configuration list for PBXProject "drawkit-no-code" */;
			compatibilityVersion = "Xcode 3.2";
			developmentRegion = English;
			hasScannedForEncodings = 0;
			knownRegions = (
				en,
				Base,
			);
			mainGroup = 76FC0A561AFCFF7F005277C4;
			productRefGroup = 76FC0A601AFCFF7F005277C4 /* Products */;
			projectDirPath = "";
			projectReferences = (
				{
					ProductGroup = 76D81C5D1F8745DC00926ABF /* Products */;
					ProjectRef = 76FC0A821AFCFF91005277C4 /* DrawKit.xcodeproj */;
				},
			);
			projectRoot = "";
			targets = (
				76FC0A5E1AFCFF7F005277C4 /* drawkit-no-code */,
				76FC0A711AFCFF80005277C4 /* drawkit-no-codeTests */,
			);
		};
/* End PBXProject section */

/* Begin PBXReferenceProxy section */
		76D81C621F8745DC00926ABF /* DKDrawKit.framework */ = {
			isa = PBXReferenceProxy;
			fileType = wrapper.framework;
			path = DKDrawKit.framework;
			remoteRef = 76D81C611F8745DC00926ABF /* PBXContainerItemProxy */;
			sourceTree = BUILT_PRODUCTS_DIR;
		};
		76D81C641F8745DC00926ABF /* DKUnitTests.xctest */ = {
			isa = PBXReferenceProxy;
			fileType = wrapper.cfbundle;
			path = DKUnitTests.xctest;
			remoteRef = 76D81C631F8745DC00926ABF /* PBXContainerItemProxy */;
			sourceTree = BUILT_PRODUCTS_DIR;
		};
		76FC7D682034992300080D65 /* DrawKitSwift.framework */ = {
			isa = PBXReferenceProxy;
			fileType = wrapper.framework;
			path = DrawKitSwift.framework;
			remoteRef = 76FC7D672034992300080D65 /* PBXContainerItemProxy */;
			sourceTree = BUILT_PRODUCTS_DIR;
		};
/* End PBXReferenceProxy section */

/* Begin PBXResourcesBuildPhase section */
		76FC0A5D1AFCFF7F005277C4 /* Resources */ = {
			isa = PBXResourcesBuildPhase;
			buildActionMask = 2147483647;
			files = (
				76FC0A6A1AFCFF7F005277C4 /* Images.xcassets in Resources */,
				76FC0A6D1AFCFF80005277C4 /* MainMenu.xib in Resources */,
			);
			runOnlyForDeploymentPostprocessing = 0;
		};
		76FC0A701AFCFF80005277C4 /* Resources */ = {
			isa = PBXResourcesBuildPhase;
			buildActionMask = 2147483647;
			files = (
			);
			runOnlyForDeploymentPostprocessing = 0;
		};
/* End PBXResourcesBuildPhase section */

/* Begin PBXSourcesBuildPhase section */
		76FC0A5B1AFCFF7F005277C4 /* Sources */ = {
			isa = PBXSourcesBuildPhase;
			buildActionMask = 2147483647;
			files = (
				76FC0A681AFCFF7F005277C4 /* main.m in Sources */,
				76FC0A661AFCFF7F005277C4 /* AppDelegate.m in Sources */,
			);
			runOnlyForDeploymentPostprocessing = 0;
		};
		76FC0A6E1AFCFF80005277C4 /* Sources */ = {
			isa = PBXSourcesBuildPhase;
			buildActionMask = 2147483647;
			files = (
				76FC0A791AFCFF80005277C4 /* drawkit_no_codeTests.m in Sources */,
			);
			runOnlyForDeploymentPostprocessing = 0;
		};
/* End PBXSourcesBuildPhase section */

/* Begin PBXTargetDependency section */
		76D81C671F87461E00926ABF /* PBXTargetDependency */ = {
			isa = PBXTargetDependency;
			name = DrawKit;
			targetProxy = 76D81C661F87461E00926ABF /* PBXContainerItemProxy */;
		};
		76FC0A741AFCFF80005277C4 /* PBXTargetDependency */ = {
			isa = PBXTargetDependency;
			target = 76FC0A5E1AFCFF7F005277C4 /* drawkit-no-code */;
			targetProxy = 76FC0A731AFCFF80005277C4 /* PBXContainerItemProxy */;
		};
/* End PBXTargetDependency section */

/* Begin PBXVariantGroup section */
		76FC0A6B1AFCFF80005277C4 /* MainMenu.xib */ = {
			isa = PBXVariantGroup;
			children = (
				76FC0A6C1AFCFF80005277C4 /* Base */,
			);
			name = MainMenu.xib;
			sourceTree = "<group>";
		};
/* End PBXVariantGroup section */

/* Begin XCBuildConfiguration section */
		76FC0A7A1AFCFF80005277C4 /* Debug */ = {
			isa = XCBuildConfiguration;
			buildSettings = {
				ALWAYS_SEARCH_USER_PATHS = NO;
				CLANG_CXX_LANGUAGE_STANDARD = "gnu++0x";
				CLANG_CXX_LIBRARY = "libc++";
				CLANG_ENABLE_MODULES = YES;
				CLANG_ENABLE_OBJC_ARC = YES;
				CLANG_WARN_BLOCK_CAPTURE_AUTORELEASING = YES;
				CLANG_WARN_BOOL_CONVERSION = YES;
				CLANG_WARN_COMMA = YES;
				CLANG_WARN_CONSTANT_CONVERSION = YES;
				CLANG_WARN_DIRECT_OBJC_ISA_USAGE = YES_ERROR;
				CLANG_WARN_EMPTY_BODY = YES;
				CLANG_WARN_ENUM_CONVERSION = YES;
				CLANG_WARN_INFINITE_RECURSION = YES;
				CLANG_WARN_INT_CONVERSION = YES;
				CLANG_WARN_NON_LITERAL_NULL_CONVERSION = YES;
				CLANG_WARN_OBJC_LITERAL_CONVERSION = YES;
				CLANG_WARN_OBJC_ROOT_CLASS = YES_ERROR;
				CLANG_WARN_RANGE_LOOP_ANALYSIS = YES;
				CLANG_WARN_STRICT_PROTOTYPES = YES;
				CLANG_WARN_SUSPICIOUS_MOVE = YES;
				CLANG_WARN_UNREACHABLE_CODE = YES;
				CLANG_WARN__DUPLICATE_METHOD_MATCH = YES;
				CODE_SIGN_IDENTITY = "-";
				COPY_PHASE_STRIP = NO;
				DEBUG_INFORMATION_FORMAT = dwarf;
				ENABLE_STRICT_OBJC_MSGSEND = YES;
				ENABLE_TESTABILITY = YES;
				GCC_C_LANGUAGE_STANDARD = gnu99;
				GCC_DYNAMIC_NO_PIC = NO;
				GCC_NO_COMMON_BLOCKS = YES;
				GCC_OPTIMIZATION_LEVEL = 0;
				GCC_PREPROCESSOR_DEFINITIONS = (
					"DEBUG=1",
					"$(inherited)",
				);
				GCC_SYMBOLS_PRIVATE_EXTERN = NO;
				GCC_WARN_64_TO_32_BIT_CONVERSION = YES;
				GCC_WARN_ABOUT_RETURN_TYPE = YES_ERROR;
				GCC_WARN_UNDECLARED_SELECTOR = YES;
				GCC_WARN_UNINITIALIZED_AUTOS = YES_AGGRESSIVE;
				GCC_WARN_UNUSED_FUNCTION = YES;
				GCC_WARN_UNUSED_VARIABLE = YES;
				MACOSX_DEPLOYMENT_TARGET = 10.10;
				MTL_ENABLE_DEBUG_INFO = YES;
				ONLY_ACTIVE_ARCH = YES;
				SDKROOT = macosx;
			};
			name = Debug;
		};
		76FC0A7B1AFCFF80005277C4 /* Release */ = {
			isa = XCBuildConfiguration;
			buildSettings = {
				ALWAYS_SEARCH_USER_PATHS = NO;
				CLANG_CXX_LANGUAGE_STANDARD = "gnu++0x";
				CLANG_CXX_LIBRARY = "libc++";
				CLANG_ENABLE_MODULES = YES;
				CLANG_ENABLE_OBJC_ARC = YES;
				CLANG_WARN_BLOCK_CAPTURE_AUTORELEASING = YES;
				CLANG_WARN_BOOL_CONVERSION = YES;
				CLANG_WARN_COMMA = YES;
				CLANG_WARN_CONSTANT_CONVERSION = YES;
				CLANG_WARN_DIRECT_OBJC_ISA_USAGE = YES_ERROR;
				CLANG_WARN_EMPTY_BODY = YES;
				CLANG_WARN_ENUM_CONVERSION = YES;
				CLANG_WARN_INFINITE_RECURSION = YES;
				CLANG_WARN_INT_CONVERSION = YES;
				CLANG_WARN_NON_LITERAL_NULL_CONVERSION = YES;
				CLANG_WARN_OBJC_LITERAL_CONVERSION = YES;
				CLANG_WARN_OBJC_ROOT_CLASS = YES_ERROR;
				CLANG_WARN_RANGE_LOOP_ANALYSIS = YES;
				CLANG_WARN_STRICT_PROTOTYPES = YES;
				CLANG_WARN_SUSPICIOUS_MOVE = YES;
				CLANG_WARN_UNREACHABLE_CODE = YES;
				CLANG_WARN__DUPLICATE_METHOD_MATCH = YES;
				CODE_SIGN_IDENTITY = "-";
				COPY_PHASE_STRIP = NO;
				DEBUG_INFORMATION_FORMAT = "dwarf-with-dsym";
				ENABLE_NS_ASSERTIONS = NO;
				ENABLE_STRICT_OBJC_MSGSEND = YES;
				GCC_C_LANGUAGE_STANDARD = gnu99;
				GCC_NO_COMMON_BLOCKS = YES;
				GCC_WARN_64_TO_32_BIT_CONVERSION = YES;
				GCC_WARN_ABOUT_RETURN_TYPE = YES_ERROR;
				GCC_WARN_UNDECLARED_SELECTOR = YES;
				GCC_WARN_UNINITIALIZED_AUTOS = YES_AGGRESSIVE;
				GCC_WARN_UNUSED_FUNCTION = YES;
				GCC_WARN_UNUSED_VARIABLE = YES;
				MACOSX_DEPLOYMENT_TARGET = 10.10;
				MTL_ENABLE_DEBUG_INFO = NO;
				SDKROOT = macosx;
			};
			name = Release;
		};
		76FC0A7D1AFCFF80005277C4 /* Debug */ = {
			isa = XCBuildConfiguration;
			buildSettings = {
				ASSETCATALOG_COMPILER_APPICON_NAME = AppIcon;
				COMBINE_HIDPI_IMAGES = YES;
				INFOPLIST_FILE = "drawkit-no-code/Info.plist";
				LD_RUNPATH_SEARCH_PATHS = "$(inherited) @executable_path/../Frameworks";
				PRODUCT_BUNDLE_IDENTIFIER = "eu.miln.$(PRODUCT_NAME:rfc1034identifier)";
				PRODUCT_NAME = "$(TARGET_NAME)";
			};
			name = Debug;
		};
		76FC0A7E1AFCFF80005277C4 /* Release */ = {
			isa = XCBuildConfiguration;
			buildSettings = {
				ASSETCATALOG_COMPILER_APPICON_NAME = AppIcon;
				COMBINE_HIDPI_IMAGES = YES;
				INFOPLIST_FILE = "drawkit-no-code/Info.plist";
				LD_RUNPATH_SEARCH_PATHS = "$(inherited) @executable_path/../Frameworks";
				PRODUCT_BUNDLE_IDENTIFIER = "eu.miln.$(PRODUCT_NAME:rfc1034identifier)";
				PRODUCT_NAME = "$(TARGET_NAME)";
			};
			name = Release;
		};
		76FC0A801AFCFF80005277C4 /* Debug */ = {
			isa = XCBuildConfiguration;
			buildSettings = {
				BUNDLE_LOADER = "$(TEST_HOST)";
				COMBINE_HIDPI_IMAGES = YES;
				FRAMEWORK_SEARCH_PATHS = (
					"$(DEVELOPER_FRAMEWORKS_DIR)",
					"$(inherited)",
				);
				GCC_PREPROCESSOR_DEFINITIONS = (
					"DEBUG=1",
					"$(inherited)",
				);
				INFOPLIST_FILE = "drawkit-no-codeTests/Info.plist";
				LD_RUNPATH_SEARCH_PATHS = "$(inherited) @executable_path/../Frameworks @loader_path/../Frameworks";
				PRODUCT_BUNDLE_IDENTIFIER = "eu.miln.$(PRODUCT_NAME:rfc1034identifier)";
				PRODUCT_NAME = "$(TARGET_NAME)";
				TEST_HOST = "$(BUILT_PRODUCTS_DIR)/drawkit-no-code.app/Contents/MacOS/drawkit-no-code";
			};
			name = Debug;
		};
		76FC0A811AFCFF80005277C4 /* Release */ = {
			isa = XCBuildConfiguration;
			buildSettings = {
				BUNDLE_LOADER = "$(TEST_HOST)";
				COMBINE_HIDPI_IMAGES = YES;
				FRAMEWORK_SEARCH_PATHS = (
					"$(DEVELOPER_FRAMEWORKS_DIR)",
					"$(inherited)",
				);
				INFOPLIST_FILE = "drawkit-no-codeTests/Info.plist";
				LD_RUNPATH_SEARCH_PATHS = "$(inherited) @executable_path/../Frameworks @loader_path/../Frameworks";
				PRODUCT_BUNDLE_IDENTIFIER = "eu.miln.$(PRODUCT_NAME:rfc1034identifier)";
				PRODUCT_NAME = "$(TARGET_NAME)";
				TEST_HOST = "$(BUILT_PRODUCTS_DIR)/drawkit-no-code.app/Contents/MacOS/drawkit-no-code";
			};
			name = Release;
		};
/* End XCBuildConfiguration section */

/* Begin XCConfigurationList section */
		76FC0A5A1AFCFF7F005277C4 /* Build configuration list for PBXProject "drawkit-no-code" */ = {
			isa = XCConfigurationList;
			buildConfigurations = (
				76FC0A7A1AFCFF80005277C4 /* Debug */,
				76FC0A7B1AFCFF80005277C4 /* Release */,
			);
			defaultConfigurationIsVisible = 0;
			defaultConfigurationName = Release;
		};
		76FC0A7C1AFCFF80005277C4 /* Build configuration list for PBXNativeTarget "drawkit-no-code" */ = {
			isa = XCConfigurationList;
			buildConfigurations = (
				76FC0A7D1AFCFF80005277C4 /* Debug */,
				76FC0A7E1AFCFF80005277C4 /* Release */,
			);
			defaultConfigurationIsVisible = 0;
			defaultConfigurationName = Release;
		};
		76FC0A7F1AFCFF80005277C4 /* Build configuration list for PBXNativeTarget "drawkit-no-codeTests" */ = {
			isa = XCConfigurationList;
			buildConfigurations = (
				76FC0A801AFCFF80005277C4 /* Debug */,
				76FC0A811AFCFF80005277C4 /* Release */,
			);
			defaultConfigurationIsVisible = 0;
			defaultConfigurationName = Release;
		};
/* End XCConfigurationList section */
	};
	rootObject = 76FC0A571AFCFF7F005277C4 /* Project object */;
}
